
Microsoft Visual Studio Solution File, Format Version 12.00
# Visual Studio Version 17
VisualStudioVersion = 17.0.31903.59
MinimumVisualStudioVersion = 10.0.40219.1
Project("{FAE04EC0-301F-11D3-BF4B-00C04F79EFBC}") = "ServiPuntos.Core", "ServiPuntos.Core\ServiPuntos.Core.csproj", "{4BD5D31B-AEC6-4A33-859A-C9FB7E966C90}"
EndProject
Project("{FAE04EC0-301F-11D3-BF4B-00C04F79EFBC}") = "ServiPuntos.Infrastructure", "ServiPuntos.Infrastructure\ServiPuntos.Infrastructure.csproj", "{3D8F2DFB-34C7-413F-AA27-DB637FCC4A69}"
EndProject
Project("{FAE04EC0-301F-11D3-BF4B-00C04F79EFBC}") = "ServiPuntos.API", "ServiPuntos.API\ServiPuntos.API.csproj", "{630198B7-3B49-4391-8E27-1B6654604663}"
EndProject
Project("{FAE04EC0-301F-11D3-BF4B-00C04F79EFBC}") = "ServiPuntos.Tests", "ServiPuntos.Tests\ServiPuntos.Tests.csproj", "{B030FD39-4C57-4615-88AD-B020493787E1}"
EndProject
Project("{FAE04EC0-301F-11D3-BF4B-00C04F79EFBC}") = "ServiPuntos.Application", "ServiPuntos.Application\ServiPuntos.Application.csproj", "{1DA26685-E3D7-4F4E-A9F8-C589DE17A390}"
EndProject
Project("{FAE04EC0-301F-11D3-BF4B-00C04F79EFBC}") = "ServiPuntos.WebApp", "ServiPuntos.WebApp\ServiPuntos.WebApp.csproj", "{ADFAAB3E-3079-4336-8267-BA5A688D3369}"
EndProject
Global
	GlobalSection(SolutionConfigurationPlatforms) = preSolution
		Debug|Any CPU = Debug|Any CPU
		Debug|x64 = Debug|x64
		Debug|x86 = Debug|x86
		Release|Any CPU = Release|Any CPU
		Release|x64 = Release|x64
		Release|x86 = Release|x86
	EndGlobalSection
	GlobalSection(ProjectConfigurationPlatforms) = postSolution
		{4BD5D31B-AEC6-4A33-859A-C9FB7E966C90}.Debug|Any CPU.ActiveCfg = Debug|Any CPU
		{4BD5D31B-AEC6-4A33-859A-C9FB7E966C90}.Debug|Any CPU.Build.0 = Debug|Any CPU
		{4BD5D31B-AEC6-4A33-859A-C9FB7E966C90}.Debug|x64.ActiveCfg = Debug|Any CPU
		{4BD5D31B-AEC6-4A33-859A-C9FB7E966C90}.Debug|x64.Build.0 = Debug|Any CPU
		{4BD5D31B-AEC6-4A33-859A-C9FB7E966C90}.Debug|x86.ActiveCfg = Debug|Any CPU
		{4BD5D31B-AEC6-4A33-859A-C9FB7E966C90}.Debug|x86.Build.0 = Debug|Any CPU
		{4BD5D31B-AEC6-4A33-859A-C9FB7E966C90}.Release|Any CPU.ActiveCfg = Release|Any CPU
		{4BD5D31B-AEC6-4A33-859A-C9FB7E966C90}.Release|Any CPU.Build.0 = Release|Any CPU
		{4BD5D31B-AEC6-4A33-859A-C9FB7E966C90}.Release|x64.ActiveCfg = Release|Any CPU
		{4BD5D31B-AEC6-4A33-859A-C9FB7E966C90}.Release|x64.Build.0 = Release|Any CPU
		{4BD5D31B-AEC6-4A33-859A-C9FB7E966C90}.Release|x86.ActiveCfg = Release|Any CPU
		{4BD5D31B-AEC6-4A33-859A-C9FB7E966C90}.Release|x86.Build.0 = Release|Any CPU
		{3D8F2DFB-34C7-413F-AA27-DB637FCC4A69}.Debug|Any CPU.ActiveCfg = Debug|Any CPU
		{3D8F2DFB-34C7-413F-AA27-DB637FCC4A69}.Debug|Any CPU.Build.0 = Debug|Any CPU
		{3D8F2DFB-34C7-413F-AA27-DB637FCC4A69}.Debug|x64.ActiveCfg = Debug|Any CPU
		{3D8F2DFB-34C7-413F-AA27-DB637FCC4A69}.Debug|x64.Build.0 = Debug|Any CPU
		{3D8F2DFB-34C7-413F-AA27-DB637FCC4A69}.Debug|x86.ActiveCfg = Debug|Any CPU
		{3D8F2DFB-34C7-413F-AA27-DB637FCC4A69}.Debug|x86.Build.0 = Debug|Any CPU
		{3D8F2DFB-34C7-413F-AA27-DB637FCC4A69}.Release|Any CPU.ActiveCfg = Release|Any CPU
		{3D8F2DFB-34C7-413F-AA27-DB637FCC4A69}.Release|Any CPU.Build.0 = Release|Any CPU
		{3D8F2DFB-34C7-413F-AA27-DB637FCC4A69}.Release|x64.ActiveCfg = Release|Any CPU
		{3D8F2DFB-34C7-413F-AA27-DB637FCC4A69}.Release|x64.Build.0 = Release|Any CPU
		{3D8F2DFB-34C7-413F-AA27-DB637FCC4A69}.Release|x86.ActiveCfg = Release|Any CPU
		{3D8F2DFB-34C7-413F-AA27-DB637FCC4A69}.Release|x86.Build.0 = Release|Any CPU
		{630198B7-3B49-4391-8E27-1B6654604663}.Debug|Any CPU.ActiveCfg = Debug|Any CPU
		{630198B7-3B49-4391-8E27-1B6654604663}.Debug|Any CPU.Build.0 = Debug|Any CPU
		{630198B7-3B49-4391-8E27-1B6654604663}.Debug|x64.ActiveCfg = Debug|Any CPU
		{630198B7-3B49-4391-8E27-1B6654604663}.Debug|x64.Build.0 = Debug|Any CPU
		{630198B7-3B49-4391-8E27-1B6654604663}.Debug|x86.ActiveCfg = Debug|Any CPU
		{630198B7-3B49-4391-8E27-1B6654604663}.Debug|x86.Build.0 = Debug|Any CPU
		{630198B7-3B49-4391-8E27-1B6654604663}.Release|Any CPU.ActiveCfg = Release|Any CPU
		{630198B7-3B49-4391-8E27-1B6654604663}.Release|Any CPU.Build.0 = Release|Any CPU
		{630198B7-3B49-4391-8E27-1B6654604663}.Release|x64.ActiveCfg = Release|Any CPU
		{630198B7-3B49-4391-8E27-1B6654604663}.Release|x64.Build.0 = Release|Any CPU
		{630198B7-3B49-4391-8E27-1B6654604663}.Release|x86.ActiveCfg = Release|Any CPU
		{630198B7-3B49-4391-8E27-1B6654604663}.Release|x86.Build.0 = Release|Any CPU
		{B030FD39-4C57-4615-88AD-B020493787E1}.Debug|Any CPU.ActiveCfg = Debug|Any CPU
		{B030FD39-4C57-4615-88AD-B020493787E1}.Debug|Any CPU.Build.0 = Debug|Any CPU
		{B030FD39-4C57-4615-88AD-B020493787E1}.Debug|x64.ActiveCfg = Debug|Any CPU
		{B030FD39-4C57-4615-88AD-B020493787E1}.Debug|x64.Build.0 = Debug|Any CPU
		{B030FD39-4C57-4615-88AD-B020493787E1}.Debug|x86.ActiveCfg = Debug|Any CPU
		{B030FD39-4C57-4615-88AD-B020493787E1}.Debug|x86.Build.0 = Debug|Any CPU
		{B030FD39-4C57-4615-88AD-B020493787E1}.Release|Any CPU.ActiveCfg = Release|Any CPU
		{B030FD39-4C57-4615-88AD-B020493787E1}.Release|Any CPU.Build.0 = Release|Any CPU
		{B030FD39-4C57-4615-88AD-B020493787E1}.Release|x64.ActiveCfg = Release|Any CPU
		{B030FD39-4C57-4615-88AD-B020493787E1}.Release|x64.Build.0 = Release|Any CPU
		{B030FD39-4C57-4615-88AD-B020493787E1}.Release|x86.ActiveCfg = Release|Any CPU
		{B030FD39-4C57-4615-88AD-B020493787E1}.Release|x86.Build.0 = Release|Any CPU
		{1DA26685-E3D7-4F4E-A9F8-C589DE17A390}.Debug|Any CPU.ActiveCfg = Debug|Any CPU
		{1DA26685-E3D7-4F4E-A9F8-C589DE17A390}.Debug|Any CPU.Build.0 = Debug|Any CPU
		{1DA26685-E3D7-4F4E-A9F8-C589DE17A390}.Debug|x64.ActiveCfg = Debug|Any CPU
		{1DA26685-E3D7-4F4E-A9F8-C589DE17A390}.Debug|x64.Build.0 = Debug|Any CPU
		{1DA26685-E3D7-4F4E-A9F8-C589DE17A390}.Debug|x86.ActiveCfg = Debug|Any CPU
		{1DA26685-E3D7-4F4E-A9F8-C589DE17A390}.Debug|x86.Build.0 = Debug|Any CPU
		{1DA26685-E3D7-4F4E-A9F8-C589DE17A390}.Release|Any CPU.ActiveCfg = Release|Any CPU
		{1DA26685-E3D7-4F4E-A9F8-C589DE17A390}.Release|Any CPU.Build.0 = Release|Any CPU
		{1DA26685-E3D7-4F4E-A9F8-C589DE17A390}.Release|x64.ActiveCfg = Release|Any CPU
		{1DA26685-E3D7-4F4E-A9F8-C589DE17A390}.Release|x64.Build.0 = Release|Any CPU
		{1DA26685-E3D7-4F4E-A9F8-C589DE17A390}.Release|x86.ActiveCfg = Release|Any CPU
		{1DA26685-E3D7-4F4E-A9F8-C589DE17A390}.Release|x86.Build.0 = Release|Any CPU
		{ADFAAB3E-3079-4336-8267-BA5A688D3369}.Debug|Any CPU.ActiveCfg = Debug|Any CPU
		{ADFAAB3E-3079-4336-8267-BA5A688D3369}.Debug|Any CPU.Build.0 = Debug|Any CPU
		{ADFAAB3E-3079-4336-8267-BA5A688D3369}.Debug|x64.ActiveCfg = Debug|Any CPU
		{ADFAAB3E-3079-4336-8267-BA5A688D3369}.Debug|x64.Build.0 = Debug|Any CPU
		{ADFAAB3E-3079-4336-8267-BA5A688D3369}.Debug|x86.ActiveCfg = Debug|Any CPU
		{ADFAAB3E-3079-4336-8267-BA5A688D3369}.Debug|x86.Build.0 = Debug|Any CPU
		{ADFAAB3E-3079-4336-8267-BA5A688D3369}.Release|Any CPU.ActiveCfg = Release|Any CPU
		{ADFAAB3E-3079-4336-8267-BA5A688D3369}.Release|Any CPU.Build.0 = Release|Any CPU
		{ADFAAB3E-3079-4336-8267-BA5A688D3369}.Release|x64.ActiveCfg = Release|Any CPU
		{ADFAAB3E-3079-4336-8267-BA5A688D3369}.Release|x64.Build.0 = Release|Any CPU
		{ADFAAB3E-3079-4336-8267-BA5A688D3369}.Release|x86.ActiveCfg = Release|Any CPU
		{ADFAAB3E-3079-4336-8267-BA5A688D3369}.Release|x86.Build.0 = Release|Any CPU
	EndGlobalSection
	GlobalSection(SolutionProperties) = preSolution
		HideSolutionNode = FALSE
	EndGlobalSection
	GlobalSection(ExtensibilityGlobals) = postSolution
		SolutionGuid = {F7BD3868-3E4B-42A9-9BD5-CD4C3156042B}
	EndGlobalSection
EndGlobal
